{
  "version": 4,
  "terraform_version": "1.7.4",
  "serial": 24,
  "lineage": "7fdb14ee-efb2-c7f8-4d3d-1ea6df42abae",
  "outputs": {},
  "resources": [
    {
      "module": "module.network",
      "mode": "managed",
      "type": "random_id",
      "name": "id",
      "provider": "provider[\"registry.terraform.io/hashicorp/random\"]",
      "instances": [
        {
          "schema_version": 0,
          "attributes": {
            "b64_std": "8Q==",
            "b64_url": "8Q",
            "byte_length": 1,
            "dec": "241",
            "hex": "f1",
            "id": "8Q",
            "keepers": null,
            "prefix": null
          },
          "sensitive_attributes": []
        }
      ]
    }
  ],
  "check_results": null
}
